
Microsoft Visual Studio Solution File, Format Version 12.00
# Visual Studio Version 17
VisualStudioVersion = 17.3.32819.101
MinimumVisualStudioVersion = 10.0.40219.1
Project("{9A19103F-16F7-4668-BE54-9A1E7A4F7556}") = "Core", "Core\Core.csproj", "{4F52C554-26BD-4977-B8C1-F809E722DC6F}"
EndProject
Project("{2150E333-8FDC-42A3-9474-1A3956D46DE8}") = "1-Core", "1-Core", "{56090F4A-5EB8-4F0A-BB8E-416237F73217}"
EndProject
Project("{2150E333-8FDC-42A3-9474-1A3956D46DE8}") = "2-DAL", "2-DAL", "{AA64163C-A29B-4B45-987D-5EE4A28CAC06}"
EndProject
Project("{2150E333-8FDC-42A3-9474-1A3956D46DE8}") = "3-Business", "3-Business", "{60F33D35-7FFA-458A-BC04-E33E1C9FA426}"
EndProject
Project("{9A19103F-16F7-4668-BE54-9A1E7A4F7556}") = "Business", "Business\Business.csproj", "{7EF997CE-1714-43BD-8AEF-622F41A84644}"
EndProject
Project("{9A19103F-16F7-4668-BE54-9A1E7A4F7556}") = "DAL", "DAL\DAL.csproj", "{07539C0E-1750-4F54-8258-785F71DE4805}"
EndProject
Project("{9A19103F-16F7-4668-BE54-9A1E7A4F7556}") = "WebApi", "WebApi\WebApi.csproj", "{3EBE5C6C-4805-4C8E-810A-6EA5E0ACD8D6}"
EndProject
Global
	GlobalSection(SolutionConfigurationPlatforms) = preSolution
		API_CORE|Any CPU = API_CORE|Any CPU
		Debug|Any CPU = Debug|Any CPU
		DESKTOP|Any CPU = DESKTOP|Any CPU
		MVC_CORE|Any CPU = MVC_CORE|Any CPU
		Release|Any CPU = Release|Any CPU
	EndGlobalSection
	GlobalSection(ProjectConfigurationPlatforms) = postSolution
		{4F52C554-26BD-4977-B8C1-F809E722DC6F}.API_CORE|Any CPU.ActiveCfg = API_CORE|Any CPU
		{4F52C554-26BD-4977-B8C1-F809E722DC6F}.API_CORE|Any CPU.Build.0 = API_CORE|Any CPU
		{4F52C554-26BD-4977-B8C1-F809E722DC6F}.Debug|Any CPU.ActiveCfg = Debug|Any CPU
		{4F52C554-26BD-4977-B8C1-F809E722DC6F}.Debug|Any CPU.Build.0 = Debug|Any CPU
		{4F52C554-26BD-4977-B8C1-F809E722DC6F}.DESKTOP|Any CPU.ActiveCfg = DESKTOP|Any CPU
		{4F52C554-26BD-4977-B8C1-F809E722DC6F}.DESKTOP|Any CPU.Build.0 = DESKTOP|Any CPU
		{4F52C554-26BD-4977-B8C1-F809E722DC6F}.MVC_CORE|Any CPU.ActiveCfg = MVC_CORE|Any CPU
		{4F52C554-26BD-4977-B8C1-F809E722DC6F}.MVC_CORE|Any CPU.Build.0 = MVC_CORE|Any CPU
		{4F52C554-26BD-4977-B8C1-F809E722DC6F}.Release|Any CPU.ActiveCfg = Release|Any CPU
		{4F52C554-26BD-4977-B8C1-F809E722DC6F}.Release|Any CPU.Build.0 = Release|Any CPU
		{7EF997CE-1714-43BD-8AEF-622F41A84644}.API_CORE|Any CPU.ActiveCfg = API_CORE|Any CPU
		{7EF997CE-1714-43BD-8AEF-622F41A84644}.API_CORE|Any CPU.Build.0 = API_CORE|Any CPU
		{7EF997CE-1714-43BD-8AEF-622F41A84644}.Debug|Any CPU.ActiveCfg = Debug|Any CPU
		{7EF997CE-1714-43BD-8AEF-622F41A84644}.Debug|Any CPU.Build.0 = Debug|Any CPU
		{7EF997CE-1714-43BD-8AEF-622F41A84644}.DESKTOP|Any CPU.ActiveCfg = DESKTOP|Any CPU
		{7EF997CE-1714-43BD-8AEF-622F41A84644}.DESKTOP|Any CPU.Build.0 = DESKTOP|Any CPU
		{7EF997CE-1714-43BD-8AEF-622F41A84644}.MVC_CORE|Any CPU.ActiveCfg = MVC_CORE|Any CPU
		{7EF997CE-1714-43BD-8AEF-622F41A84644}.MVC_CORE|Any CPU.Build.0 = MVC_CORE|Any CPU
		{7EF997CE-1714-43BD-8AEF-622F41A84644}.Release|Any CPU.ActiveCfg = Release|Any CPU
		{7EF997CE-1714-43BD-8AEF-622F41A84644}.Release|Any CPU.Build.0 = Release|Any CPU
		{07539C0E-1750-4F54-8258-785F71DE4805}.API_CORE|Any CPU.ActiveCfg = API_CORE|Any CPU
		{07539C0E-1750-4F54-8258-785F71DE4805}.API_CORE|Any CPU.Build.0 = API_CORE|Any CPU
		{07539C0E-1750-4F54-8258-785F71DE4805}.Debug|Any CPU.ActiveCfg = Debug|Any CPU
		{07539C0E-1750-4F54-8258-785F71DE4805}.Debug|Any CPU.Build.0 = Debug|Any CPU
		{07539C0E-1750-4F54-8258-785F71DE4805}.DESKTOP|Any CPU.ActiveCfg = DESKTOP|Any CPU
		{07539C0E-1750-4F54-8258-785F71DE4805}.DESKTOP|Any CPU.Build.0 = DESKTOP|Any CPU
		{07539C0E-1750-4F54-8258-785F71DE4805}.MVC_CORE|Any CPU.ActiveCfg = MVC_CORE|Any CPU
		{07539C0E-1750-4F54-8258-785F71DE4805}.MVC_CORE|Any CPU.Build.0 = MVC_CORE|Any CPU
		{07539C0E-1750-4F54-8258-785F71DE4805}.Release|Any CPU.ActiveCfg = Release|Any CPU
		{07539C0E-1750-4F54-8258-785F71DE4805}.Release|Any CPU.Build.0 = Release|Any CPU
		{3EBE5C6C-4805-4C8E-810A-6EA5E0ACD8D6}.API_CORE|Any CPU.ActiveCfg = Debug|Any CPU
		{3EBE5C6C-4805-4C8E-810A-6EA5E0ACD8D6}.API_CORE|Any CPU.Build.0 = Debug|Any CPU
		{3EBE5C6C-4805-4C8E-810A-6EA5E0ACD8D6}.Debug|Any CPU.ActiveCfg = Debug|Any CPU
		{3EBE5C6C-4805-4C8E-810A-6EA5E0ACD8D6}.Debug|Any CPU.Build.0 = Debug|Any CPU
		{3EBE5C6C-4805-4C8E-810A-6EA5E0ACD8D6}.DESKTOP|Any CPU.ActiveCfg = Debug|Any CPU
		{3EBE5C6C-4805-4C8E-810A-6EA5E0ACD8D6}.DESKTOP|Any CPU.Build.0 = Debug|Any CPU
		{3EBE5C6C-4805-4C8E-810A-6EA5E0ACD8D6}.MVC_CORE|Any CPU.ActiveCfg = Debug|Any CPU
		{3EBE5C6C-4805-4C8E-810A-6EA5E0ACD8D6}.MVC_CORE|Any CPU.Build.0 = Debug|Any CPU
		{3EBE5C6C-4805-4C8E-810A-6EA5E0ACD8D6}.Release|Any CPU.ActiveCfg = Release|Any CPU
		{3EBE5C6C-4805-4C8E-810A-6EA5E0ACD8D6}.Release|Any CPU.Build.0 = Release|Any CPU
	EndGlobalSection
	GlobalSection(SolutionProperties) = preSolution
		HideSolutionNode = FALSE
	EndGlobalSection
	GlobalSection(NestedProjects) = preSolution
		{4F52C554-26BD-4977-B8C1-F809E722DC6F} = {56090F4A-5EB8-4F0A-BB8E-416237F73217}
		{7EF997CE-1714-43BD-8AEF-622F41A84644} = {60F33D35-7FFA-458A-BC04-E33E1C9FA426}
		{07539C0E-1750-4F54-8258-785F71DE4805} = {AA64163C-A29B-4B45-987D-5EE4A28CAC06}
	EndGlobalSection
	GlobalSection(ExtensibilityGlobals) = postSolution
		SolutionGuid = {47FD7D71-153F-4C46-A64C-F7940020C59C}
	EndGlobalSection
EndGlobal
